
Microsoft Visual Studio Solution File, Format Version 12.00
# Visual Studio Version 17
VisualStudioVersion = 17.11.35327.3
MinimumVisualStudioVersion = 10.0.40219.1
Project("{8BC9CEB8-8B4A-11D0-8D11-00A0C91BC942}") = "Merge two queue", "Merge two queue\Merge two queue.vcxproj", "{8BF3874D-5DF3-4DFB-A917-ACCA048C35AB}"
EndProject
Global
	GlobalSection(SolutionConfigurationPlatforms) = preSolution
		Debug|x64 = Debug|x64
		Debug|x86 = Debug|x86
		Release|x64 = Release|x64
		Release|x86 = Release|x86
	EndGlobalSection
	GlobalSection(ProjectConfigurationPlatforms) = postSolution
		{8BF3874D-5DF3-4DFB-A917-ACCA048C35AB}.Debug|x64.ActiveCfg = Debug|x64
		{8BF3874D-5DF3-4DFB-A917-ACCA048C35AB}.Debug|x64.Build.0 = Debug|x64
		{8BF3874D-5DF3-4DFB-A917-ACCA048C35AB}.Debug|x86.ActiveCfg = Debug|Win32
		{8BF3874D-5DF3-4DFB-A917-ACCA048C35AB}.Debug|x86.Build.0 = Debug|Win32
		{8BF3874D-5DF3-4DFB-A917-ACCA048C35AB}.Release|x64.ActiveCfg = Release|x64
		{8BF3874D-5DF3-4DFB-A917-ACCA048C35AB}.Release|x64.Build.0 = Release|x64
		{8BF3874D-5DF3-4DFB-A917-ACCA048C35AB}.Release|x86.ActiveCfg = Release|Win32
		{8BF3874D-5DF3-4DFB-A917-ACCA048C35AB}.Release|x86.Build.0 = Release|Win32
	EndGlobalSection
	GlobalSection(SolutionProperties) = preSolution
		HideSolutionNode = FALSE
	EndGlobalSection
	GlobalSection(ExtensibilityGlobals) = postSolution
		SolutionGuid = {87304FB6-DB19-4729-93F6-34945CA6AE4F}
	EndGlobalSection
EndGlobal
